
Microsoft Visual Studio Solution File, Format Version 12.00
# Visual Studio Version 17
VisualStudioVersion = 17.12.35506.116
MinimumVisualStudioVersion = 10.0.40219.1
Project("{FAE04EC0-301F-11D3-BF4B-00C04F79EFBC}") = "Korn.Service.Server", "Korn.Service.Server\Korn.Service.Server.csproj", "{08D17E71-20FD-4752-8382-D850EB7A6882}"
EndProject
Project("{2150E333-8FDC-42A3-9474-1A3956D46DE8}") = "Korn", "Korn", "{FC544DCC-05FE-4B6C-845D-CF2B48E04B63}"
EndProject
Project("{FAE04EC0-301F-11D3-BF4B-00C04F79EFBC}") = "Korn.Service.Shared", "..\Korn.Service.Shared\Korn.Service.Shared\Korn.Service.Shared.csproj", "{318AAD83-0598-4B05-B391-723ABE2B87E1}"
EndProject
Project("{FAE04EC0-301F-11D3-BF4B-00C04F79EFBC}") = "Korn.Pipes", "..\Korn.Pipes\Korn.Pipes\Korn.Pipes.csproj", "{8E03A407-0409-4DEF-AF39-FFE0FAB41D59}"
EndProject
Global
	GlobalSection(SolutionConfigurationPlatforms) = preSolution
		Debug|x64 = Debug|x64
		Release|x64 = Release|x64
	EndGlobalSection
	GlobalSection(ProjectConfigurationPlatforms) = postSolution
		{08D17E71-20FD-4752-8382-D850EB7A6882}.Debug|x64.ActiveCfg = Debug|x64
		{08D17E71-20FD-4752-8382-D850EB7A6882}.Debug|x64.Build.0 = Debug|x64
		{08D17E71-20FD-4752-8382-D850EB7A6882}.Release|x64.ActiveCfg = Release|x64
		{08D17E71-20FD-4752-8382-D850EB7A6882}.Release|x64.Build.0 = Release|x64
		{318AAD83-0598-4B05-B391-723ABE2B87E1}.Debug|x64.ActiveCfg = Debug|x64
		{318AAD83-0598-4B05-B391-723ABE2B87E1}.Debug|x64.Build.0 = Debug|x64
		{318AAD83-0598-4B05-B391-723ABE2B87E1}.Release|x64.ActiveCfg = Release|x64
		{318AAD83-0598-4B05-B391-723ABE2B87E1}.Release|x64.Build.0 = Release|x64
		{8E03A407-0409-4DEF-AF39-FFE0FAB41D59}.Debug|x64.ActiveCfg = Debug|x64
		{8E03A407-0409-4DEF-AF39-FFE0FAB41D59}.Debug|x64.Build.0 = Debug|x64
		{8E03A407-0409-4DEF-AF39-FFE0FAB41D59}.Release|x64.ActiveCfg = Release|x64
		{8E03A407-0409-4DEF-AF39-FFE0FAB41D59}.Release|x64.Build.0 = Release|x64
	EndGlobalSection
	GlobalSection(SolutionProperties) = preSolution
		HideSolutionNode = FALSE
	EndGlobalSection
	GlobalSection(NestedProjects) = preSolution
		{318AAD83-0598-4B05-B391-723ABE2B87E1} = {FC544DCC-05FE-4B6C-845D-CF2B48E04B63}
		{8E03A407-0409-4DEF-AF39-FFE0FAB41D59} = {FC544DCC-05FE-4B6C-845D-CF2B48E04B63}
	EndGlobalSection
EndGlobal
